
Microsoft Visual Studio Solution File, Format Version 12.00
# Visual Studio Version 16
VisualStudioVersion = 16.0.31515.178
MinimumVisualStudioVersion = 10.0.40219.1
Project("{FAE04EC0-301F-11D3-BF4B-00C04F79EFBC}") = "PosiNet-Controller", "PosiNet-Controller\PosiNet-Controller.csproj", "{FA34B6AD-C472-41B8-ACC0-78C4D1823B94}"
EndProject
Project("{FAE04EC0-301F-11D3-BF4B-00C04F79EFBC}") = "eDmx.ArtNet", "..\..\..\Packages\ArtNet.Net-master\eDmx.ArtNet\eDmx.ArtNet.csproj", "{82991D6F-D554-41EE-AF8B-A110FCE19D00}"
EndProject
Global
	GlobalSection(SolutionConfigurationPlatforms) = preSolution
		Debug|Any CPU = Debug|Any CPU
		Release|Any CPU = Release|Any CPU
	EndGlobalSection
	GlobalSection(ProjectConfigurationPlatforms) = postSolution
		{FA34B6AD-C472-41B8-ACC0-78C4D1823B94}.Debug|Any CPU.ActiveCfg = Debug|Any CPU
		{FA34B6AD-C472-41B8-ACC0-78C4D1823B94}.Debug|Any CPU.Build.0 = Debug|Any CPU
		{FA34B6AD-C472-41B8-ACC0-78C4D1823B94}.Release|Any CPU.ActiveCfg = Release|Any CPU
		{FA34B6AD-C472-41B8-ACC0-78C4D1823B94}.Release|Any CPU.Build.0 = Release|Any CPU
		{82991D6F-D554-41EE-AF8B-A110FCE19D00}.Debug|Any CPU.ActiveCfg = Debug|Any CPU
		{82991D6F-D554-41EE-AF8B-A110FCE19D00}.Debug|Any CPU.Build.0 = Debug|Any CPU
		{82991D6F-D554-41EE-AF8B-A110FCE19D00}.Release|Any CPU.ActiveCfg = Release|Any CPU
		{82991D6F-D554-41EE-AF8B-A110FCE19D00}.Release|Any CPU.Build.0 = Release|Any CPU
	EndGlobalSection
	GlobalSection(SolutionProperties) = preSolution
		HideSolutionNode = FALSE
	EndGlobalSection
	GlobalSection(ExtensibilityGlobals) = postSolution
		SolutionGuid = {2A3A57AD-8C6E-4152-806C-217D571BAD60}
	EndGlobalSection
EndGlobal
